
Microsoft Visual Studio Solution File, Format Version 12.00
# Visual Studio Version 17
VisualStudioVersion = 17.3.32825.248
MinimumVisualStudioVersion = 10.0.40219.1
Project("{FAE04EC0-301F-11D3-BF4B-00C04F79EFBC}") = "LW6", "LW6.csproj", "{A155AFB6-F4C7-4D18-A354-5D628E97CE28}"
EndProject
Global
	GlobalSection(SolutionConfigurationPlatforms) = preSolution
		Debug|Any CPU = Debug|Any CPU
		Release|Any CPU = Release|Any CPU
	EndGlobalSection
	GlobalSection(ProjectConfigurationPlatforms) = postSolution
		{A155AFB6-F4C7-4D18-A354-5D628E97CE28}.Debug|Any CPU.ActiveCfg = Debug|Any CPU
		{A155AFB6-F4C7-4D18-A354-5D628E97CE28}.Debug|Any CPU.Build.0 = Debug|Any CPU
		{A155AFB6-F4C7-4D18-A354-5D628E97CE28}.Release|Any CPU.ActiveCfg = Release|Any CPU
		{A155AFB6-F4C7-4D18-A354-5D628E97CE28}.Release|Any CPU.Build.0 = Release|Any CPU
	EndGlobalSection
	GlobalSection(SolutionProperties) = preSolution
		HideSolutionNode = FALSE
	EndGlobalSection
	GlobalSection(ExtensibilityGlobals) = postSolution
		SolutionGuid = {0AF38CBD-28DA-4D91-BF67-C3DA9FC35127}
	EndGlobalSection
EndGlobal
