
Microsoft Visual Studio Solution File, Format Version 12.00
# Visual Studio Version 17
VisualStudioVersion = 17.3.32825.248
MinimumVisualStudioVersion = 10.0.40219.1
Project("{FAE04EC0-301F-11D3-BF4B-00C04F79EFBC}") = "LW7", "LW7.csproj", "{509A9A39-56A5-46DC-AFA4-2D6CB0073D63}"
EndProject
Global
	GlobalSection(SolutionConfigurationPlatforms) = preSolution
		Debug|Any CPU = Debug|Any CPU
		Release|Any CPU = Release|Any CPU
	EndGlobalSection
	GlobalSection(ProjectConfigurationPlatforms) = postSolution
		{509A9A39-56A5-46DC-AFA4-2D6CB0073D63}.Debug|Any CPU.ActiveCfg = Debug|Any CPU
		{509A9A39-56A5-46DC-AFA4-2D6CB0073D63}.Debug|Any CPU.Build.0 = Debug|Any CPU
		{509A9A39-56A5-46DC-AFA4-2D6CB0073D63}.Release|Any CPU.ActiveCfg = Release|Any CPU
		{509A9A39-56A5-46DC-AFA4-2D6CB0073D63}.Release|Any CPU.Build.0 = Release|Any CPU
	EndGlobalSection
	GlobalSection(SolutionProperties) = preSolution
		HideSolutionNode = FALSE
	EndGlobalSection
	GlobalSection(ExtensibilityGlobals) = postSolution
		SolutionGuid = {F5E66192-78C7-49BD-B31C-88A4FACEF8DC}
	EndGlobalSection
EndGlobal
